
Microsoft Visual Studio Solution File, Format Version 12.00
# Visual Studio Version 16
VisualStudioVersion = 16.0.30128.74
MinimumVisualStudioVersion = 10.0.40219.1
Project("{888888A0-9F3D-457C-B088-3A5042F75D52}") = "chatbot", "chatbot\chatbot.pyproj", "{09B850F9-CA0C-4666-9175-0F6E04B9E5D9}"
EndProject
Global
	GlobalSection(SolutionConfigurationPlatforms) = preSolution
		Debug|Any CPU = Debug|Any CPU
		Release|Any CPU = Release|Any CPU
	EndGlobalSection
	GlobalSection(ProjectConfigurationPlatforms) = postSolution
		{09B850F9-CA0C-4666-9175-0F6E04B9E5D9}.Debug|Any CPU.ActiveCfg = Debug|Any CPU
		{09B850F9-CA0C-4666-9175-0F6E04B9E5D9}.Release|Any CPU.ActiveCfg = Release|Any CPU
	EndGlobalSection
	GlobalSection(SolutionProperties) = preSolution
		HideSolutionNode = FALSE
	EndGlobalSection
	GlobalSection(ExtensibilityGlobals) = postSolution
		SolutionGuid = {FF9316BD-0D97-49B4-8D7B-41B2E3808E2C}
	EndGlobalSection
EndGlobal
